// !$*UTF8*$!
{
	archiveVersion = 1;
	classes = {
	};
	objectVersion = 46;
	objects = {

/* Begin PBXBuildFile section */
		3E251E9B1ACBC30700DA41A4 /* EnterAddressViewController.m in Sources */ = {isa = PBXBuildFile; fileRef = 3E251E9A1ACBC30700DA41A4 /* EnterAddressViewController.m */; };
		3E251EA11ACBC5EA00DA41A4 /* AddressListTableViewController.m in Sources */ = {isa = PBXBuildFile; fileRef = 3E251EA01ACBC5EA00DA41A4 /* AddressListTableViewController.m */; };
		3EECF9911AC2502D00D27221 /* main.m in Sources */ = {isa = PBXBuildFile; fileRef = 3EECF9901AC2502D00D27221 /* main.m */; };
		3EECF9941AC2502D00D27221 /* AppDelegate.m in Sources */ = {isa = PBXBuildFile; fileRef = 3EECF9931AC2502D00D27221 /* AppDelegate.m */; };
		3EECF99A1AC2502D00D27221 /* Main.storyboard in Resources */ = {isa = PBXBuildFile; fileRef = 3EECF9981AC2502D00D27221 /* Main.storyboard */; };
		3EECF99C1AC2502D00D27221 /* Images.xcassets in Resources */ = {isa = PBXBuildFile; fileRef = 3EECF99B1AC2502D00D27221 /* Images.xcassets */; };
		3EECF99F1AC2502E00D27221 /* LaunchScreen.xib in Resources */ = {isa = PBXBuildFile; fileRef = 3EECF99D1AC2502E00D27221 /* LaunchScreen.xib */; };
		3EECF9AB1AC2502E00D27221 /* HelmetAppTests.m in Sources */ = {isa = PBXBuildFile; fileRef = 3EECF9AA1AC2502E00D27221 /* HelmetAppTests.m */; };
/* End PBXBuildFile section */

/* Begin PBXContainerItemProxy section */
		3EECF9A51AC2502E00D27221 /* PBXContainerItemProxy */ = {
			isa = PBXContainerItemProxy;
			containerPortal = 3EECF9831AC2502D00D27221 /* Project object */;
			proxyType = 1;
			remoteGlobalIDString = 3EECF98A1AC2502D00D27221;
			remoteInfo = HelmetApp;
		};
/* End PBXContainerItemProxy section */

/* Begin PBXFileReference section */
		3E251E991ACBC30700DA41A4 /* EnterAddressViewController.h */ = {isa = PBXFileReference; fileEncoding = 4; lastKnownFileType = sourcecode.c.h; name = EnterAddressViewController.h; path = ../EnterAddressViewController.h; sourceTree = "<group>"; };
		3E251E9A1ACBC30700DA41A4 /* EnterAddressViewController.m */ = {isa = PBXFileReference; fileEncoding = 4; lastKnownFileType = sourcecode.c.objc; name = EnterAddressViewController.m; path = ../EnterAddressViewController.m; sourceTree = "<group>"; };
		3E251E9F1ACBC5EA00DA41A4 /* AddressListTableViewController.h */ = {isa = PBXFileReference; fileEncoding = 4; lastKnownFileType = sourcecode.c.h; path = AddressListTableViewController.h; sourceTree = "<group>"; };
		3E251EA01ACBC5EA00DA41A4 /* AddressListTableViewController.m */ = {isa = PBXFileReference; fileEncoding = 4; lastKnownFileType = sourcecode.c.objc; path = AddressListTableViewController.m; sourceTree = "<group>"; };
		3EECF98B1AC2502D00D27221 /* HelmetApp.app */ = {isa = PBXFileReference; explicitFileType = wrapper.application; includeInIndex = 0; path = HelmetApp.app; sourceTree = BUILT_PRODUCTS_DIR; };
		3EECF98F1AC2502D00D27221 /* Info.plist */ = {isa = PBXFileReference; lastKnownFileType = text.plist.xml; path = Info.plist; sourceTree = "<group>"; };
		3EECF9901AC2502D00D27221 /* main.m */ = {isa = PBXFileReference; lastKnownFileType = sourcecode.c.objc; path = main.m; sourceTree = "<group>"; };
		3EECF9921AC2502D00D27221 /* AppDelegate.h */ = {isa = PBXFileReference; lastKnownFileType = sourcecode.c.h; path = AppDelegate.h; sourceTree = "<group>"; };
		3EECF9931AC2502D00D27221 /* AppDelegate.m */ = {isa = PBXFileReference; lastKnownFileType = sourcecode.c.objc; path = AppDelegate.m; sourceTree = "<group>"; };
		3EECF9991AC2502D00D27221 /* Base */ = {isa = PBXFileReference; lastKnownFileType = file.storyboard; name = Base; path = Base.lproj/Main.storyboard; sourceTree = "<group>"; };
		3EECF99B1AC2502D00D27221 /* Images.xcassets */ = {isa = PBXFileReference; lastKnownFileType = folder.assetcatalog; path = Images.xcassets; sourceTree = "<group>"; };
		3EECF99E1AC2502E00D27221 /* Base */ = {isa = PBXFileReference; lastKnownFileType = file.xib; name = Base; path = Base.lproj/LaunchScreen.xib; sourceTree = "<group>"; };
		3EECF9A41AC2502E00D27221 /* HelmetAppTests.xctest */ = {isa = PBXFileReference; explicitFileType = wrapper.cfbundle; includeInIndex = 0; path = HelmetAppTests.xctest; sourceTree = BUILT_PRODUCTS_DIR; };
		3EECF9A91AC2502E00D27221 /* Info.plist */ = {isa = PBXFileReference; lastKnownFileType = text.plist.xml; path = Info.plist; sourceTree = "<group>"; };
		3EECF9AA1AC2502E00D27221 /* HelmetAppTests.m */ = {isa = PBXFileReference; lastKnownFileType = sourcecode.c.objc; path = HelmetAppTests.m; sourceTree = "<group>"; };
/* End PBXFileReference section */

/* Begin PBXFrameworksBuildPhase section */
		3EECF9881AC2502D00D27221 /* Frameworks */ = {
			isa = PBXFrameworksBuildPhase;
			buildActionMask = 2147483647;
			files = (
			);
			runOnlyForDeploymentPostprocessing = 0;
		};
		3EECF9A11AC2502E00D27221 /* Frameworks */ = {
			isa = PBXFrameworksBuildPhase;
			buildActionMask = 2147483647;
			files = (
			);
			runOnlyForDeploymentPostprocessing = 0;
		};
/* End PBXFrameworksBuildPhase section */

/* Begin PBXGroup section */
		3EECF9821AC2502D00D27221 = {
			isa = PBXGroup;
			children = (
				3EECF98D1AC2502D00D27221 /* HelmetApp */,
				3EECF9A71AC2502E00D27221 /* HelmetAppTests */,
				3EECF98C1AC2502D00D27221 /* Products */,
			);
			sourceTree = "<group>";
		};
		3EECF98C1AC2502D00D27221 /* Products */ = {
			isa = PBXGroup;
			children = (
				3EECF98B1AC2502D00D27221 /* HelmetApp.app */,
				3EECF9A41AC2502E00D27221 /* HelmetAppTests.xctest */,
			);
			name = Products;
			sourceTree = "<group>";
		};
		3EECF98D1AC2502D00D27221 /* HelmetApp */ = {
			isa = PBXGroup;
			children = (
				3E251E9F1ACBC5EA00DA41A4 /* AddressListTableViewController.h */,
				3E251EA01ACBC5EA00DA41A4 /* AddressListTableViewController.m */,
				3E251E991ACBC30700DA41A4 /* EnterAddressViewController.h */,
				3E251E9A1ACBC30700DA41A4 /* EnterAddressViewController.m */,
				3EECF9921AC2502D00D27221 /* AppDelegate.h */,
				3EECF9931AC2502D00D27221 /* AppDelegate.m */,
				3EECF9981AC2502D00D27221 /* Main.storyboard */,
				3EECF99B1AC2502D00D27221 /* Images.xcassets */,
				3EECF99D1AC2502E00D27221 /* LaunchScreen.xib */,
				3EECF98E1AC2502D00D27221 /* Supporting Files */,
			);
			path = HelmetApp;
			sourceTree = "<group>";
		};
		3EECF98E1AC2502D00D27221 /* Supporting Files */ = {
			isa = PBXGroup;
			children = (
				3EECF98F1AC2502D00D27221 /* Info.plist */,
				3EECF9901AC2502D00D27221 /* main.m */,
			);
			name = "Supporting Files";
			sourceTree = "<group>";
		};
		3EECF9A71AC2502E00D27221 /* HelmetAppTests */ = {
			isa = PBXGroup;
			children = (
				3EECF9AA1AC2502E00D27221 /* HelmetAppTests.m */,
				3EECF9A81AC2502E00D27221 /* Supporting Files */,
			);
			path = HelmetAppTests;
			sourceTree = "<group>";
		};
		3EECF9A81AC2502E00D27221 /* Supporting Files */ = {
			isa = PBXGroup;
			children = (
				3EECF9A91AC2502E00D27221 /* Info.plist */,
			);
			name = "Supporting Files";
			sourceTree = "<group>";
		};
/* End PBXGroup section */

/* Begin PBXNativeTarget section */
		3EECF98A1AC2502D00D27221 /* HelmetApp */ = {
			isa = PBXNativeTarget;
			buildConfigurationList = 3EECF9AE1AC2502E00D27221 /* Build configuration list for PBXNativeTarget "HelmetApp" */;
			buildPhases = (
				3EECF9871AC2502D00D27221 /* Sources */,
				3EECF9881AC2502D00D27221 /* Frameworks */,
				3EECF9891AC2502D00D27221 /* Resources */,
			);
			buildRules = (
			);
			dependencies = (
			);
			name = HelmetApp;
			productName = HelmetApp;
			productReference = 3EECF98B1AC2502D00D27221 /* HelmetApp.app */;
			productType = "com.apple.product-type.application";
		};
		3EECF9A31AC2502E00D27221 /* HelmetAppTests */ = {
			isa = PBXNativeTarget;
			buildConfigurationList = 3EECF9B11AC2502E00D27221 /* Build configuration list for PBXNativeTarget "HelmetAppTests" */;
			buildPhases = (
				3EECF9A01AC2502E00D27221 /* Sources */,
				3EECF9A11AC2502E00D27221 /* Frameworks */,
				3EECF9A21AC2502E00D27221 /* Resources */,
			);
			buildRules = (
			);
			dependencies = (
				3EECF9A61AC2502E00D27221 /* PBXTargetDependency */,
			);
			name = HelmetAppTests;
			productName = HelmetAppTests;
			productReference = 3EECF9A41AC2502E00D27221 /* HelmetAppTests.xctest */;
			productType = "com.apple.product-type.bundle.unit-test";
		};
/* End PBXNativeTarget section */

/* Begin PBXProject section */
		3EECF9831AC2502D00D27221 /* Project object */ = {
			isa = PBXProject;
			attributes = {
				LastUpgradeCheck = 0620;
				ORGANIZATIONNAME = Team1;
				TargetAttributes = {
					3EECF98A1AC2502D00D27221 = {
						CreatedOnToolsVersion = 6.2;
					};
					3EECF9A31AC2502E00D27221 = {
						CreatedOnToolsVersion = 6.2;
						TestTargetID = 3EECF98A1AC2502D00D27221;
					};
				};
			};
			buildConfigurationList = 3EECF9861AC2502D00D27221 /* Build configuration list for PBXProject "HelmetApp" */;
			compatibilityVersion = "Xcode 3.2";
			developmentRegion = English;
			hasScannedForEncodings = 0;
			knownRegions = (
				en,
				Base,
			);
			mainGroup = 3EECF9821AC2502D00D27221;
			productRefGroup = 3EECF98C1AC2502D00D27221 /* Products */;
			projectDirPath = "";
			projectRoot = "";
			targets = (
				3EECF98A1AC2502D00D27221 /* HelmetApp */,
				3EECF9A31AC2502E00D27221 /* HelmetAppTests */,
			);
		};
/* End PBXProject section */

/* Begin PBXResourcesBuildPhase section */
		3EECF9891AC2502D00D27221 /* Resources */ = {
			isa = PBXResourcesBuildPhase;
			buildActionMask = 2147483647;
			files = (
				3EECF99A1AC2502D00D27221 /* Main.storyboard in Resources */,
				3EECF99F1AC2502E00D27221 /* LaunchScreen.xib in Resources */,
				3EECF99C1AC2502D00D27221 /* Images.xcassets in Resources */,
			);
			runOnlyForDeploymentPostprocessing = 0;
		};
		3EECF9A21AC2502E00D27221 /* Resources */ = {
			isa = PBXResourcesBuildPhase;
			buildActionMask = 2147483647;
			files = (
			);
			runOnlyForDeploymentPostprocessing = 0;
		};
/* End PBXResourcesBuildPhase section */

/* Begin PBXSourcesBuildPhase section */
		3EECF9871AC2502D00D27221 /* Sources */ = {
			isa = PBXSourcesBuildPhase;
			buildActionMask = 2147483647;
			files = (
				3E251EA11ACBC5EA00DA41A4 /* AddressListTableViewController.m in Sources */,
				3EECF9941AC2502D00D27221 /* AppDelegate.m in Sources */,
				3EECF9911AC2502D00D27221 /* main.m in Sources */,
				3E251E9B1ACBC30700DA41A4 /* EnterAddressViewController.m in Sources */,
			);
			runOnlyForDeploymentPostprocessing = 0;
		};
		3EECF9A01AC2502E00D27221 /* Sources */ = {
			isa = PBXSourcesBuildPhase;
			buildActionMask = 2147483647;
			files = (
				3EECF9AB1AC2502E00D27221 /* HelmetAppTests.m in Sources */,
			);
			runOnlyForDeploymentPostprocessing = 0;
		};
/* End PBXSourcesBuildPhase section */

/* Begin PBXTargetDependency section */
		3EECF9A61AC2502E00D27221 /* PBXTargetDependency */ = {
			isa = PBXTargetDependency;
			target = 3EECF98A1AC2502D00D27221 /* HelmetApp */;
			targetProxy = 3EECF9A51AC2502E00D27221 /* PBXContainerItemProxy */;
		};
/* End PBXTargetDependency section */

/* Begin PBXVariantGroup section */
		3EECF9981AC2502D00D27221 /* Main.storyboard */ = {
			isa = PBXVariantGroup;
			children = (
				3EECF9991AC2502D00D27221 /* Base */,
			);
			name = Main.storyboard;
			sourceTree = "<group>";
		};
		3EECF99D1AC2502E00D27221 /* LaunchScreen.xib */ = {
			isa = PBXVariantGroup;
			children = (
				3EECF99E1AC2502E00D27221 /* Base */,
			);
			name = LaunchScreen.xib;
			sourceTree = "<group>";
		};
/* End PBXVariantGroup section */

/* Begin XCBuildConfiguration section */
		3EECF9AC1AC2502E00D27221 /* Debug */ = {
			isa = XCBuildConfiguration;
			buildSettings = {
				ALWAYS_SEARCH_USER_PATHS = NO;
				CLANG_CXX_LANGUAGE_STANDARD = "gnu++0x";
				CLANG_CXX_LIBRARY = "libc++";
				CLANG_ENABLE_MODULES = YES;
				CLANG_ENABLE_OBJC_ARC = YES;
				CLANG_WARN_BOOL_CONVERSION = YES;
				CLANG_WARN_CONSTANT_CONVERSION = YES;
				CLANG_WARN_DIRECT_OBJC_ISA_USAGE = YES_ERROR;
				CLANG_WARN_EMPTY_BODY = YES;
				CLANG_WARN_ENUM_CONVERSION = YES;
				CLANG_WARN_INT_CONVERSION = YES;
				CLANG_WARN_OBJC_ROOT_CLASS = YES_ERROR;
				CLANG_WARN_UNREACHABLE_CODE = YES;
				CLANG_WARN__DUPLICATE_METHOD_MATCH = YES;
				"CODE_SIGN_IDENTITY[sdk=iphoneos*]" = "iPhone Developer";
				COPY_PHASE_STRIP = NO;
				ENABLE_STRICT_OBJC_MSGSEND = YES;
				GCC_C_LANGUAGE_STANDARD = gnu99;
				GCC_DYNAMIC_NO_PIC = NO;
				GCC_OPTIMIZATION_LEVEL = 0;
				GCC_PREPROCESSOR_DEFINITIONS = (
					"DEBUG=1",
					"$(inherited)",
				);
				GCC_SYMBOLS_PRIVATE_EXTERN = NO;
				GCC_WARN_64_TO_32_BIT_CONVERSION = YES;
				GCC_WARN_ABOUT_RETURN_TYPE = YES_ERROR;
				GCC_WARN_UNDECLARED_SELECTOR = YES;
				GCC_WARN_UNINITIALIZED_AUTOS = YES_AGGRESSIVE;
				GCC_WARN_UNUSED_FUNCTION = YES;
				GCC_WARN_UNUSED_VARIABLE = YES;
				IPHONEOS_DEPLOYMENT_TARGET = 8.2;
				MTL_ENABLE_DEBUG_INFO = YES;
				ONLY_ACTIVE_ARCH = YES;
				SDKROOT = iphoneos;
			};
			name = Debug;
		};
		3EECF9AD1AC2502E00D27221 /* Release */ = {
			isa = XCBuildConfiguration;
			buildSettings = {
				ALWAYS_SEARCH_USER_PATHS = NO;
				CLANG_CXX_LANGUAGE_STANDARD = "gnu++0x";
				CLANG_CXX_LIBRARY = "libc++";
				CLANG_ENABLE_MODULES = YES;
				CLANG_ENABLE_OBJC_ARC = YES;
				CLANG_WARN_BOOL_CONVERSION = YES;
				CLANG_WARN_CONSTANT_CONVERSION = YES;
				CLANG_WARN_DIRECT_OBJC_ISA_USAGE = YES_ERROR;
				CLANG_WARN_EMPTY_BODY = YES;
				CLANG_WARN_ENUM_CONVERSION = YES;
				CLANG_WARN_INT_CONVERSION = YES;
				CLANG_WARN_OBJC_ROOT_CLASS = YES_ERROR;
				CLANG_WARN_UNREACHABLE_CODE = YES;
				CLANG_WARN__DUPLICATE_METHOD_MATCH = YES;
				"CODE_SIGN_IDENTITY[sdk=iphoneos*]" = "iPhone Developer";
				COPY_PHASE_STRIP = NO;
				ENABLE_NS_ASSERTIONS = NO;
				ENABLE_STRICT_OBJC_MSGSEND = YES;
				GCC_C_LANGUAGE_STANDARD = gnu99;
				GCC_WARN_64_TO_32_BIT_CONVERSION = YES;
				GCC_WARN_ABOUT_RETURN_TYPE = YES_ERROR;
				GCC_WARN_UNDECLARED_SELECTOR = YES;
				GCC_WARN_UNINITIALIZED_AUTOS = YES_AGGRESSIVE;
				GCC_WARN_UNUSED_FUNCTION = YES;
				GCC_WARN_UNUSED_VARIABLE = YES;
				IPHONEOS_DEPLOYMENT_TARGET = 8.2;
				MTL_ENABLE_DEBUG_INFO = NO;
				SDKROOT = iphoneos;
				VALIDATE_PRODUCT = YES;
			};
			name = Release;
		};
		3EECF9AF1AC2502E00D27221 /* Debug */ = {
			isa = XCBuildConfiguration;
			buildSettings = {
				ASSETCATALOG_COMPILER_APPICON_NAME = AppIcon;
				INFOPLIST_FILE = HelmetApp/Info.plist;
				LD_RUNPATH_SEARCH_PATHS = "$(inherited) @executable_path/Frameworks";
				PRODUCT_NAME = "$(TARGET_NAME)";
			};
			name = Debug;
		};
		3EECF9B01AC2502E00D27221 /* Release */ = {
			isa = XCBuildConfiguration;
			buildSettings = {
				ASSETCATALOG_COMPILER_APPICON_NAME = AppIcon;
				INFOPLIST_FILE = HelmetApp/Info.plist;
				LD_RUNPATH_SEARCH_PATHS = "$(inherited) @executable_path/Frameworks";
				PRODUCT_NAME = "$(TARGET_NAME)";
			};
			name = Release;
		};
		3EECF9B21AC2502E00D27221 /* Debug */ = {
			isa = XCBuildConfiguration;
			buildSettings = {
				BUNDLE_LOADER = "$(TEST_HOST)";
				FRAMEWORK_SEARCH_PATHS = (
					"$(SDKROOT)/Developer/Library/Frameworks",
					"$(inherited)",
				);
				GCC_PREPROCESSOR_DEFINITIONS = (
					"DEBUG=1",
					"$(inherited)",
				);
				INFOPLIST_FILE = HelmetAppTests/Info.plist;
				LD_RUNPATH_SEARCH_PATHS = "$(inherited) @executable_path/Frameworks @loader_path/Frameworks";
				PRODUCT_NAME = "$(TARGET_NAME)";
				TEST_HOST = "$(BUILT_PRODUCTS_DIR)/HelmetApp.app/HelmetApp";
			};
			name = Debug;
		};
		3EECF9B31AC2502E00D27221 /* Release */ = {
			isa = XCBuildConfiguration;
			buildSettings = {
				BUNDLE_LOADER = "$(TEST_HOST)";
				FRAMEWORK_SEARCH_PATHS = (
					"$(SDKROOT)/Developer/Library/Frameworks",
					"$(inherited)",
				);
				INFOPLIST_FILE = HelmetAppTests/Info.plist;
				LD_RUNPATH_SEARCH_PATHS = "$(inherited) @executable_path/Frameworks @loader_path/Frameworks";
				PRODUCT_NAME = "$(TARGET_NAME)";
				TEST_HOST = "$(BUILT_PRODUCTS_DIR)/HelmetApp.app/HelmetApp";
			};
			name = Release;
		};
/* End XCBuildConfiguration section */

/* Begin XCConfigurationList section */
		3EECF9861AC2502D00D27221 /* Build configuration list for PBXProject "HelmetApp" */ = {
			isa = XCConfigurationList;
			buildConfigurations = (
				3EECF9AC1AC2502E00D27221 /* Debug */,
				3EECF9AD1AC2502E00D27221 /* Release */,
			);
			defaultConfigurationIsVisible = 0;
			defaultConfigurationName = Release;
		};
		3EECF9AE1AC2502E00D27221 /* Build configuration list for PBXNativeTarget "HelmetApp" */ = {
			isa = XCConfigurationList;
			buildConfigurations = (
				3EECF9AF1AC2502E00D27221 /* Debug */,
				3EECF9B01AC2502E00D27221 /* Release */,
			);
			defaultConfigurationIsVisible = 0;
			defaultConfigurationName = Release;
		};
		3EECF9B11AC2502E00D27221 /* Build configuration list for PBXNativeTarget "HelmetAppTests" */ = {
			isa = XCConfigurationList;
			buildConfigurations = (
				3EECF9B21AC2502E00D27221 /* Debug */,
				3EECF9B31AC2502E00D27221 /* Release */,
			);
			defaultConfigurationIsVisible = 0;
			defaultConfigurationName = Release;
		};
/* End XCConfigurationList section */
	};
	rootObject = 3EECF9831AC2502D00D27221 /* Project object */;
}
